Microsoft Visual Studio Solution File, Format Version 12.00
# Visual Studio 15
VisualStudioVersion = 15.0.27703.2035
MinimumVisualStudioVersion = 10.0.40219.1
Project("{FAE04EC0-301F-11D3-BF4B-00C04F79EFBC}") = "monoGTKxplatformTest", "monoGTKxplatformTest\monoGTKxplatformTest.csproj", "{8F5E5E3E-F988-43F6-A2CE-209890EA21CA}"
EndProject
Project("{FAE04EC0-301F-11D3-BF4B-00C04F79EFBC}") = "Majordomolib", "Majordomolib\Majordomolib.csproj", "{B74D8B8C-BB4C-4316-85C8-2407326F6674}"
EndProject
Global
	GlobalSection(SolutionConfigurationPlatforms) = preSolution
		Debug|Any CPU = Debug|Any CPU
		Debug|x86 = Debug|x86
		Release|Any CPU = Release|Any CPU
		Release|x86 = Release|x86
	EndGlobalSection
	GlobalSection(ProjectConfigurationPlatforms) = postSolution
		{8F5E5E3E-F988-43F6-A2CE-209890EA21CA}.Debug|Any CPU.ActiveCfg = Debug|x86
		{8F5E5E3E-F988-43F6-A2CE-209890EA21CA}.Debug|x86.ActiveCfg = Debug|x86
		{8F5E5E3E-F988-43F6-A2CE-209890EA21CA}.Debug|x86.Build.0 = Debug|x86
		{8F5E5E3E-F988-43F6-A2CE-209890EA21CA}.Release|Any CPU.ActiveCfg = Release|x86
		{8F5E5E3E-F988-43F6-A2CE-209890EA21CA}.Release|x86.ActiveCfg = Release|x86
		{8F5E5E3E-F988-43F6-A2CE-209890EA21CA}.Release|x86.Build.0 = Release|x86
		{B74D8B8C-BB4C-4316-85C8-2407326F6674}.Debug|Any CPU.ActiveCfg = Debug|Any CPU
		{B74D8B8C-BB4C-4316-85C8-2407326F6674}.Debug|Any CPU.Build.0 = Debug|Any CPU
		{B74D8B8C-BB4C-4316-85C8-2407326F6674}.Debug|x86.ActiveCfg = Debug|Any CPU
		{B74D8B8C-BB4C-4316-85C8-2407326F6674}.Debug|x86.Build.0 = Debug|Any CPU
		{B74D8B8C-BB4C-4316-85C8-2407326F6674}.Release|Any CPU.ActiveCfg = Release|Any CPU
		{B74D8B8C-BB4C-4316-85C8-2407326F6674}.Release|Any CPU.Build.0 = Release|Any CPU
		{B74D8B8C-BB4C-4316-85C8-2407326F6674}.Release|x86.ActiveCfg = Release|Any CPU
		{B74D8B8C-BB4C-4316-85C8-2407326F6674}.Release|x86.Build.0 = Release|Any CPU
	EndGlobalSection
	GlobalSection(SolutionProperties) = preSolution
		HideSolutionNode = FALSE
	EndGlobalSection
	GlobalSection(ExtensibilityGlobals) = postSolution
		SolutionGuid = {C7B27596-E201-45E7-899B-9A8FAAFCD0D9}
	EndGlobalSection
EndGlobal
